// !$*UTF8*$!
{
	archiveVersion = 1;
	classes = {
	};
	objectVersion = 46;
	objects = {

/* Begin PBXBuildFile section */
		0EC834EF29B1AB6800116C0F /* GPX_Swift.docc in Sources */ = {isa = PBXBuildFile; fileRef = 0EC834EE29B1AB6800116C0F /* GPX_Swift.docc */; };
		0EC834F529B1AB6900116C0F /* GPX_Swift.framework in Frameworks */ = {isa = PBXBuildFile; fileRef = 0EC834EB29B1AB6800116C0F /* GPX_Swift.framework */; };
		0EC834FA29B1AB6900116C0F /* GPX_SwiftTests.swift in Sources */ = {isa = PBXBuildFile; fileRef = 0EC834F929B1AB6900116C0F /* GPX_SwiftTests.swift */; };
		0EC834FB29B1AB6900116C0F /* GPX_Swift.h in Headers */ = {isa = PBXBuildFile; fileRef = 0EC834ED29B1AB6800116C0F /* GPX_Swift.h */; settings = {ATTRIBUTES = (Public, ); }; };
		0EC8355229B1AC6200116C0F /* GPXRoute.swift in Sources */ = {isa = PBXBuildFile; fileRef = 0EC8353A29B1AC6100116C0F /* GPXRoute.swift */; };
		0EC8355329B1AC6200116C0F /* GPXAuthor.swift in Sources */ = {isa = PBXBuildFile; fileRef = 0EC8353B29B1AC6100116C0F /* GPXAuthor.swift */; };
		0EC8355429B1AC6200116C0F /* GPXEmail.swift in Sources */ = {isa = PBXBuildFile; fileRef = 0EC8353C29B1AC6100116C0F /* GPXEmail.swift */; };
		0EC8355529B1AC6200116C0F /* GPXParser.swift in Sources */ = {isa = PBXBuildFile; fileRef = 0EC8353D29B1AC6100116C0F /* GPXParser.swift */; };
		0EC8355629B1AC6200116C0F /* GPXMetadata.swift in Sources */ = {isa = PBXBuildFile; fileRef = 0EC8353E29B1AC6100116C0F /* GPXMetadata.swift */; };
		0EC8355729B1AC6200116C0F /* GPXPerson.swift in Sources */ = {isa = PBXBuildFile; fileRef = 0EC8353F29B1AC6100116C0F /* GPXPerson.swift */; };
		0EC8355829B1AC6200116C0F /* GPXExtensions.swift in Sources */ = {isa = PBXBuildFile; fileRef = 0EC8354029B1AC6100116C0F /* GPXExtensions.swift */; };
		0EC8355929B1AC6200116C0F /* GPX-Extensions.swift in Sources */ = {isa = PBXBuildFile; fileRef = 0EC8354129B1AC6100116C0F /* GPX-Extensions.swift */; };
		0EC8355A29B1AC6200116C0F /* GPXRoot.swift in Sources */ = {isa = PBXBuildFile; fileRef = 0EC8354229B1AC6100116C0F /* GPXRoot.swift */; };
		0EC8355B29B1AC6200116C0F /* GPXWaypoint.swift in Sources */ = {isa = PBXBuildFile; fileRef = 0EC8354329B1AC6100116C0F /* GPXWaypoint.swift */; };
		0EC8355C29B1AC6200116C0F /* GPXLink.swift in Sources */ = {isa = PBXBuildFile; fileRef = 0EC8354429B1AC6100116C0F /* GPXLink.swift */; };
		0EC8355D29B1AC6200116C0F /* GPXPointSegment.swift in Sources */ = {isa = PBXBuildFile; fileRef = 0EC8354529B1AC6100116C0F /* GPXPointSegment.swift */; };
		0EC8355E29B1AC6200116C0F /* GPXRoutePoint.swift in Sources */ = {isa = PBXBuildFile; fileRef = 0EC8354629B1AC6100116C0F /* GPXRoutePoint.swift */; };
		0EC8356029B1AC6200116C0F /* GPXTrack.swift in Sources */ = {isa = PBXBuildFile; fileRef = 0EC8354829B1AC6100116C0F /* GPXTrack.swift */; };
		0EC8356129B1AC6200116C0F /* GPXTrackSegment.swift in Sources */ = {isa = PBXBuildFile; fileRef = 0EC8354929B1AC6100116C0F /* GPXTrackSegment.swift */; };
		0EC8356229B1AC6200116C0F /* GPXTrailsTrackPointExtensions.swift in Sources */ = {isa = PBXBuildFile; fileRef = 0EC8354A29B1AC6100116C0F /* GPXTrailsTrackPointExtensions.swift */; };
		0EC8356329B1AC6200116C0F /* GPXPoint.swift in Sources */ = {isa = PBXBuildFile; fileRef = 0EC8354B29B1AC6100116C0F /* GPXPoint.swift */; };
		0EC8356429B1AC6200116C0F /* GPXTrackPointExtensions.swift in Sources */ = {isa = PBXBuildFile; fileRef = 0EC8354C29B1AC6100116C0F /* GPXTrackPointExtensions.swift */; };
		0EC8356529B1AC6200116C0F /* GPXBounds.swift in Sources */ = {isa = PBXBuildFile; fileRef = 0EC8354D29B1AC6100116C0F /* GPXBounds.swift */; };
		0EC8356629B1AC6200116C0F /* GPXElement.swift in Sources */ = {isa = PBXBuildFile; fileRef = 0EC8354E29B1AC6100116C0F /* GPXElement.swift */; };
		0EC8356729B1AC6200116C0F /* GPXTrailsTrackExtensions.swift in Sources */ = {isa = PBXBuildFile; fileRef = 0EC8354F29B1AC6200116C0F /* GPXTrailsTrackExtensions.swift */; };
		0EC8356829B1AC6200116C0F /* GPXCopyright.swift in Sources */ = {isa = PBXBuildFile; fileRef = 0EC8355029B1AC6200116C0F /* GPXCopyright.swift */; };
		0EC8356929B1AC6200116C0F /* GPXTrackPoint.swift in Sources */ = {isa = PBXBuildFile; fileRef = 0EC8355129B1AC6200116C0F /* GPXTrackPoint.swift */; };
		0EC8356A29B1AC7800116C0F /* Foundation.framework in Frameworks */ = {isa = PBXBuildFile; fileRef = 13D46EB3152ECF2400C9A168 /* Foundation.framework */; };
		0EC8356B29B1AC7F00116C0F /* CoreLocation.framework in Frameworks */ = {isa = PBXBuildFile; fileRef = DC6D1393189845AD00C61325 /* CoreLocation.framework */; };
		0EC8357129B1AD6A00116C0F /* GPXType.swift in Sources */ = {isa = PBXBuildFile; fileRef = 0EC8357029B1AD6A00116C0F /* GPXType.swift */; };
		0EC8357529B1AEEC00116C0F /* mystic_basin_trail.gpx in Resources */ = {isa = PBXBuildFile; fileRef = 0EC8357429B1AEEC00116C0F /* mystic_basin_trail.gpx */; };
		0EC8357729B2456C00116C0F /* GPXXMLParser.swift in Sources */ = {isa = PBXBuildFile; fileRef = 0EC8357629B2456C00116C0F /* GPXXMLParser.swift */; };
		0EC8358529B2597000116C0F /* sample.gpx in Resources */ = {isa = PBXBuildFile; fileRef = 0EC8358429B2597000116C0F /* sample.gpx */; };
/* End PBXBuildFile section */

/* Begin PBXContainerItemProxy section */
		0EC834F629B1AB6900116C0F /* PBXContainerItemProxy */ = {
			isa = PBXContainerItemProxy;
			containerPortal = 13D46EA3152ECF2400C9A168 /* Project object */;
			proxyType = 1;
			remoteGlobalIDString = 0EC834EA29B1AB6800116C0F;
			remoteInfo = "GPX-Swift";
		};
/* End PBXContainerItemProxy section */

/* Begin PBXFileReference section */
		0EC834EB29B1AB6800116C0F /* GPX_Swift.framework */ = {isa = PBXFileReference; explicitFileType = wrapper.framework; includeInIndex = 0; path = GPX_Swift.framework; sourceTree = BUILT_PRODUCTS_DIR; };
		0EC834ED29B1AB6800116C0F /* GPX_Swift.h */ = {isa = PBXFileReference; lastKnownFileType = sourcecode.c.h; path = GPX_Swift.h; sourceTree = "<group>"; };
		0EC834EE29B1AB6800116C0F /* GPX_Swift.docc */ = {isa = PBXFileReference; lastKnownFileType = folder.documentationcatalog; path = GPX_Swift.docc; sourceTree = "<group>"; };
		0EC834F429B1AB6800116C0F /* GPX-SwiftTests.xctest */ = {isa = PBXFileReference; explicitFileType = wrapper.cfbundle; includeInIndex = 0; path = "GPX-SwiftTests.xctest"; sourceTree = BUILT_PRODUCTS_DIR; };
		0EC834F929B1AB6900116C0F /* GPX_SwiftTests.swift */ = {isa = PBXFileReference; lastKnownFileType = sourcecode.swift; path = GPX_SwiftTests.swift; sourceTree = "<group>"; };
		0EC8353A29B1AC6100116C0F /* GPXRoute.swift */ = {isa = PBXFileReference; fileEncoding = 4; lastKnownFileType = sourcecode.swift; path = GPXRoute.swift; sourceTree = "<group>"; };
		0EC8353B29B1AC6100116C0F /* GPXAuthor.swift */ = {isa = PBXFileReference; fileEncoding = 4; lastKnownFileType = sourcecode.swift; path = GPXAuthor.swift; sourceTree = "<group>"; };
		0EC8353C29B1AC6100116C0F /* GPXEmail.swift */ = {isa = PBXFileReference; fileEncoding = 4; lastKnownFileType = sourcecode.swift; path = GPXEmail.swift; sourceTree = "<group>"; };
		0EC8353D29B1AC6100116C0F /* GPXParser.swift */ = {isa = PBXFileReference; fileEncoding = 4; lastKnownFileType = sourcecode.swift; path = GPXParser.swift; sourceTree = "<group>"; };
		0EC8353E29B1AC6100116C0F /* GPXMetadata.swift */ = {isa = PBXFileReference; fileEncoding = 4; lastKnownFileType = sourcecode.swift; path = GPXMetadata.swift; sourceTree = "<group>"; };
		0EC8353F29B1AC6100116C0F /* GPXPerson.swift */ = {isa = PBXFileReference; fileEncoding = 4; lastKnownFileType = sourcecode.swift; path = GPXPerson.swift; sourceTree = "<group>"; };
		0EC8354029B1AC6100116C0F /* GPXExtensions.swift */ = {isa = PBXFileReference; fileEncoding = 4; lastKnownFileType = sourcecode.swift; path = GPXExtensions.swift; sourceTree = "<group>"; };
		0EC8354129B1AC6100116C0F /* GPX-Extensions.swift */ = {isa = PBXFileReference; fileEncoding = 4; lastKnownFileType = sourcecode.swift; path = "GPX-Extensions.swift"; sourceTree = "<group>"; };
		0EC8354229B1AC6100116C0F /* GPXRoot.swift */ = {isa = PBXFileReference; fileEncoding = 4; lastKnownFileType = sourcecode.swift; path = GPXRoot.swift; sourceTree = "<group>"; };
		0EC8354329B1AC6100116C0F /* GPXWaypoint.swift */ = {isa = PBXFileReference; fileEncoding = 4; lastKnownFileType = sourcecode.swift; path = GPXWaypoint.swift; sourceTree = "<group>"; };
		0EC8354429B1AC6100116C0F /* GPXLink.swift */ = {isa = PBXFileReference; fileEncoding = 4; lastKnownFileType = sourcecode.swift; path = GPXLink.swift; sourceTree = "<group>"; };
		0EC8354529B1AC6100116C0F /* GPXPointSegment.swift */ = {isa = PBXFileReference; fileEncoding = 4; lastKnownFileType = sourcecode.swift; path = GPXPointSegment.swift; sourceTree = "<group>"; };
		0EC8354629B1AC6100116C0F /* GPXRoutePoint.swift */ = {isa = PBXFileReference; fileEncoding = 4; lastKnownFileType = sourcecode.swift; path = GPXRoutePoint.swift; sourceTree = "<group>"; };
		0EC8354829B1AC6100116C0F /* GPXTrack.swift */ = {isa = PBXFileReference; fileEncoding = 4; lastKnownFileType = sourcecode.swift; path = GPXTrack.swift; sourceTree = "<group>"; };
		0EC8354929B1AC6100116C0F /* GPXTrackSegment.swift */ = {isa = PBXFileReference; fileEncoding = 4; lastKnownFileType = sourcecode.swift; path = GPXTrackSegment.swift; sourceTree = "<group>"; };
		0EC8354A29B1AC6100116C0F /* GPXTrailsTrackPointExtensions.swift */ = {isa = PBXFileReference; fileEncoding = 4; lastKnownFileType = sourcecode.swift; path = GPXTrailsTrackPointExtensions.swift; sourceTree = "<group>"; };
		0EC8354B29B1AC6100116C0F /* GPXPoint.swift */ = {isa = PBXFileReference; fileEncoding = 4; lastKnownFileType = sourcecode.swift; path = GPXPoint.swift; sourceTree = "<group>"; };
		0EC8354C29B1AC6100116C0F /* GPXTrackPointExtensions.swift */ = {isa = PBXFileReference; fileEncoding = 4; lastKnownFileType = sourcecode.swift; path = GPXTrackPointExtensions.swift; sourceTree = "<group>"; };
		0EC8354D29B1AC6100116C0F /* GPXBounds.swift */ = {isa = PBXFileReference; fileEncoding = 4; lastKnownFileType = sourcecode.swift; path = GPXBounds.swift; sourceTree = "<group>"; };
		0EC8354E29B1AC6100116C0F /* GPXElement.swift */ = {isa = PBXFileReference; fileEncoding = 4; lastKnownFileType = sourcecode.swift; path = GPXElement.swift; sourceTree = "<group>"; };
		0EC8354F29B1AC6200116C0F /* GPXTrailsTrackExtensions.swift */ = {isa = PBXFileReference; fileEncoding = 4; lastKnownFileType = sourcecode.swift; path = GPXTrailsTrackExtensions.swift; sourceTree = "<group>"; };
		0EC8355029B1AC6200116C0F /* GPXCopyright.swift */ = {isa = PBXFileReference; fileEncoding = 4; lastKnownFileType = sourcecode.swift; path = GPXCopyright.swift; sourceTree = "<group>"; };
		0EC8355129B1AC6200116C0F /* GPXTrackPoint.swift */ = {isa = PBXFileReference; fileEncoding = 4; lastKnownFileType = sourcecode.swift; path = GPXTrackPoint.swift; sourceTree = "<group>"; };
		0EC8357029B1AD6A00116C0F /* GPXType.swift */ = {isa = PBXFileReference; fileEncoding = 4; lastKnownFileType = sourcecode.swift; path = GPXType.swift; sourceTree = "<group>"; };
		0EC8357429B1AEEC00116C0F /* mystic_basin_trail.gpx */ = {isa = PBXFileReference; fileEncoding = 4; lastKnownFileType = text.xml; path = mystic_basin_trail.gpx; sourceTree = "<group>"; };
		0EC8357629B2456C00116C0F /* GPXXMLParser.swift */ = {isa = PBXFileReference; lastKnownFileType = sourcecode.swift; path = GPXXMLParser.swift; sourceTree = "<group>"; };
		0EC8358429B2597000116C0F /* sample.gpx */ = {isa = PBXFileReference; fileEncoding = 4; lastKnownFileType = text.xml; path = sample.gpx; sourceTree = "<group>"; };
		13D46EB3152ECF2400C9A168 /* Foundation.framework */ = {isa = PBXFileReference; lastKnownFileType = wrapper.framework; name = Foundation.framework; path = System/Library/Frameworks/Foundation.framework; sourceTree = SDKROOT; };
		13D46F42152ED24900C9A168 /* UIKit.framework */ = {isa = PBXFileReference; lastKnownFileType = wrapper.framework; name = UIKit.framework; path = System/Library/Frameworks/UIKit.framework; sourceTree = SDKROOT; };
		DC6D13681898453800C61325 /* XCTest.framework */ = {isa = PBXFileReference; lastKnownFileType = wrapper.framework; name = XCTest.framework; path = Library/Frameworks/XCTest.framework; sourceTree = DEVELOPER_DIR; };
		DC6D1393189845AD00C61325 /* CoreLocation.framework */ = {isa = PBXFileReference; lastKnownFileType = wrapper.framework; name = CoreLocation.framework; path = System/Library/Frameworks/CoreLocation.framework; sourceTree = SDKROOT; };
/* End PBXFileReference section */

/* Begin PBXFrameworksBuildPhase section */
		0EC834E829B1AB6800116C0F /* Frameworks */ = {
			isa = PBXFrameworksBuildPhase;
			buildActionMask = 2147483647;
			files = (
				0EC8356B29B1AC7F00116C0F /* CoreLocation.framework in Frameworks */,
				0EC8356A29B1AC7800116C0F /* Foundation.framework in Frameworks */,
			);
			runOnlyForDeploymentPostprocessing = 0;
		};
		0EC834F129B1AB6800116C0F /* Frameworks */ = {
			isa = PBXFrameworksBuildPhase;
			buildActionMask = 2147483647;
			files = (
				0EC834F529B1AB6900116C0F /* GPX_Swift.framework in Frameworks */,
			);
			runOnlyForDeploymentPostprocessing = 0;
		};
/* End PBXFrameworksBuildPhase section */

/* Begin PBXGroup section */
		0EC834EC29B1AB6800116C0F /* GPX-Swift */ = {
			isa = PBXGroup;
			children = (
				0EC834ED29B1AB6800116C0F /* GPX_Swift.h */,
				0EC8357029B1AD6A00116C0F /* GPXType.swift */,
				0EC8357629B2456C00116C0F /* GPXXMLParser.swift */,
				0EC8354129B1AC6100116C0F /* GPX-Extensions.swift */,
				0EC8353D29B1AC6100116C0F /* GPXParser.swift */,
				0EC8357829B24A7800116C0F /* Element */,
				0EC834EE29B1AB6800116C0F /* GPX_Swift.docc */,
			);
			path = "GPX-Swift";
			sourceTree = "<group>";
		};
		0EC834F829B1AB6900116C0F /* GPX-SwiftTests */ = {
			isa = PBXGroup;
			children = (
				0EC834F929B1AB6900116C0F /* GPX_SwiftTests.swift */,
				0EC8358429B2597000116C0F /* sample.gpx */,
				0EC8357429B1AEEC00116C0F /* mystic_basin_trail.gpx */,
			);
			path = "GPX-SwiftTests";
			sourceTree = "<group>";
		};
		0EC8357829B24A7800116C0F /* Element */ = {
			isa = PBXGroup;
			children = (
				0EC8353B29B1AC6100116C0F /* GPXAuthor.swift */,
				0EC8354D29B1AC6100116C0F /* GPXBounds.swift */,
				0EC8355029B1AC6200116C0F /* GPXCopyright.swift */,
				0EC8354E29B1AC6100116C0F /* GPXElement.swift */,
				0EC8353C29B1AC6100116C0F /* GPXEmail.swift */,
				0EC8354029B1AC6100116C0F /* GPXExtensions.swift */,
				0EC8354429B1AC6100116C0F /* GPXLink.swift */,
				0EC8353E29B1AC6100116C0F /* GPXMetadata.swift */,
				0EC8353F29B1AC6100116C0F /* GPXPerson.swift */,
				0EC8354B29B1AC6100116C0F /* GPXPoint.swift */,
				0EC8354529B1AC6100116C0F /* GPXPointSegment.swift */,
				0EC8354229B1AC6100116C0F /* GPXRoot.swift */,
				0EC8353A29B1AC6100116C0F /* GPXRoute.swift */,
				0EC8354629B1AC6100116C0F /* GPXRoutePoint.swift */,
				0EC8354829B1AC6100116C0F /* GPXTrack.swift */,
				0EC8355129B1AC6200116C0F /* GPXTrackPoint.swift */,
				0EC8354C29B1AC6100116C0F /* GPXTrackPointExtensions.swift */,
				0EC8354929B1AC6100116C0F /* GPXTrackSegment.swift */,
				0EC8354F29B1AC6200116C0F /* GPXTrailsTrackExtensions.swift */,
				0EC8354A29B1AC6100116C0F /* GPXTrailsTrackPointExtensions.swift */,
				0EC8354329B1AC6100116C0F /* GPXWaypoint.swift */,
			);
			path = Element;
			sourceTree = "<group>";
		};
		13D46EA1152ECF2400C9A168 = {
			isa = PBXGroup;
			children = (
				0EC834EC29B1AB6800116C0F /* GPX-Swift */,
				0EC834F829B1AB6900116C0F /* GPX-SwiftTests */,
				13D46EB2152ECF2400C9A168 /* Frameworks */,
				13D46EB1152ECF2400C9A168 /* Products */,
			);
			sourceTree = "<group>";
		};
		13D46EB1152ECF2400C9A168 /* Products */ = {
			isa = PBXGroup;
			children = (
				0EC834EB29B1AB6800116C0F /* GPX_Swift.framework */,
				0EC834F429B1AB6800116C0F /* GPX-SwiftTests.xctest */,
			);
			name = Products;
			sourceTree = "<group>";
		};
		13D46EB2152ECF2400C9A168 /* Frameworks */ = {
			isa = PBXGroup;
			children = (
				DC6D1393189845AD00C61325 /* CoreLocation.framework */,
				13D46F42152ED24900C9A168 /* UIKit.framework */,
				13D46EB3152ECF2400C9A168 /* Foundation.framework */,
				DC6D13681898453800C61325 /* XCTest.framework */,
			);
			name = Frameworks;
			sourceTree = "<group>";
		};
/* End PBXGroup section */

/* Begin PBXHeadersBuildPhase section */
		0EC834E629B1AB6800116C0F /* Headers */ = {
			isa = PBXHeadersBuildPhase;
			buildActionMask = 2147483647;
			files = (
				0EC834FB29B1AB6900116C0F /* GPX_Swift.h in Headers */,
			);
			runOnlyForDeploymentPostprocessing = 0;
		};
/* End PBXHeadersBuildPhase section */

/* Begin PBXNativeTarget section */
		0EC834EA29B1AB6800116C0F /* GPX-Swift */ = {
			isa = PBXNativeTarget;
			buildConfigurationList = 0EC834FC29B1AB6900116C0F /* Build configuration list for PBXNativeTarget "GPX-Swift" */;
			buildPhases = (
				0EC834E629B1AB6800116C0F /* Headers */,
				0EC834E729B1AB6800116C0F /* Sources */,
				0EC834E829B1AB6800116C0F /* Frameworks */,
				0EC834E929B1AB6800116C0F /* Resources */,
			);
			buildRules = (
			);
			dependencies = (
			);
			name = "GPX-Swift";
			productName = "GPX-Swift";
			productReference = 0EC834EB29B1AB6800116C0F /* GPX_Swift.framework */;
			productType = "com.apple.product-type.framework";
		};
		0EC834F329B1AB6800116C0F /* GPX-SwiftTests */ = {
			isa = PBXNativeTarget;
			buildConfigurationList = 0EC834FF29B1AB6900116C0F /* Build configuration list for PBXNativeTarget "GPX-SwiftTests" */;
			buildPhases = (
				0EC834F029B1AB6800116C0F /* Sources */,
				0EC834F129B1AB6800116C0F /* Frameworks */,
				0EC834F229B1AB6800116C0F /* Resources */,
			);
			buildRules = (
			);
			dependencies = (
				0EC834F729B1AB6900116C0F /* PBXTargetDependency */,
			);
			name = "GPX-SwiftTests";
			productName = "GPX-SwiftTests";
			productReference = 0EC834F429B1AB6800116C0F /* GPX-SwiftTests.xctest */;
			productType = "com.apple.product-type.bundle.unit-test";
		};
/* End PBXNativeTarget section */

/* Begin PBXProject section */
		13D46EA3152ECF2400C9A168 /* Project object */ = {
			isa = PBXProject;
			attributes = {
				LastSwiftUpdateCheck = 1420;
				LastTestingUpgradeCheck = 0700;
				LastUpgradeCheck = 1420;
				TargetAttributes = {
					0EC834EA29B1AB6800116C0F = {
						CreatedOnToolsVersion = 14.2;
						DevelopmentTeam = 3WP24T6KCN;
						LastSwiftMigration = 1420;
						ProvisioningStyle = Automatic;
					};
					0EC834F329B1AB6800116C0F = {
						CreatedOnToolsVersion = 14.2;
						DevelopmentTeam = 3WP24T6KCN;
						LastSwiftMigration = 1420;
						ProvisioningStyle = Automatic;
					};
				};
			};
			buildConfigurationList = 13D46EA6152ECF2400C9A168 /* Build configuration list for PBXProject "GPX" */;
			compatibilityVersion = "Xcode 3.2";
			developmentRegion = en;
			hasScannedForEncodings = 0;
			knownRegions = (
				en,
				Base,
			);
			mainGroup = 13D46EA1152ECF2400C9A168;
			productRefGroup = 13D46EB1152ECF2400C9A168 /* Products */;
			projectDirPath = "";
			projectRoot = "";
			targets = (
				0EC834EA29B1AB6800116C0F /* GPX-Swift */,
				0EC834F329B1AB6800116C0F /* GPX-SwiftTests */,
			);
		};
/* End PBXProject section */

/* Begin PBXResourcesBuildPhase section */
		0EC834E929B1AB6800116C0F /* Resources */ = {
			isa = PBXResourcesBuildPhase;
			buildActionMask = 2147483647;
			files = (
			);
			runOnlyForDeploymentPostprocessing = 0;
		};
		0EC834F229B1AB6800116C0F /* Resources */ = {
			isa = PBXResourcesBuildPhase;
			buildActionMask = 2147483647;
			files = (
				0EC8357529B1AEEC00116C0F /* mystic_basin_trail.gpx in Resources */,
				0EC8358529B2597000116C0F /* sample.gpx in Resources */,
			);
			runOnlyForDeploymentPostprocessing = 0;
		};
/* End PBXResourcesBuildPhase section */

/* Begin PBXSourcesBuildPhase section */
		0EC834E729B1AB6800116C0F /* Sources */ = {
			isa = PBXSourcesBuildPhase;
			buildActionMask = 2147483647;
			files = (
				0EC8355929B1AC6200116C0F /* GPX-Extensions.swift in Sources */,
				0EC8355C29B1AC6200116C0F /* GPXLink.swift in Sources */,
				0EC8356229B1AC6200116C0F /* GPXTrailsTrackPointExtensions.swift in Sources */,
				0EC8355E29B1AC6200116C0F /* GPXRoutePoint.swift in Sources */,
				0EC8355429B1AC6200116C0F /* GPXEmail.swift in Sources */,
				0EC8355729B1AC6200116C0F /* GPXPerson.swift in Sources */,
				0EC834EF29B1AB6800116C0F /* GPX_Swift.docc in Sources */,
				0EC8355629B1AC6200116C0F /* GPXMetadata.swift in Sources */,
				0EC8355529B1AC6200116C0F /* GPXParser.swift in Sources */,
				0EC8356629B1AC6200116C0F /* GPXElement.swift in Sources */,
				0EC8355829B1AC6200116C0F /* GPXExtensions.swift in Sources */,
				0EC8355A29B1AC6200116C0F /* GPXRoot.swift in Sources */,
				0EC8356729B1AC6200116C0F /* GPXTrailsTrackExtensions.swift in Sources */,
				0EC8357729B2456C00116C0F /* GPXXMLParser.swift in Sources */,
				0EC8355D29B1AC6200116C0F /* GPXPointSegment.swift in Sources */,
				0EC8355229B1AC6200116C0F /* GPXRoute.swift in Sources */,
				0EC8356429B1AC6200116C0F /* GPXTrackPointExtensions.swift in Sources */,
				0EC8356029B1AC6200116C0F /* GPXTrack.swift in Sources */,
				0EC8356329B1AC6200116C0F /* GPXPoint.swift in Sources */,
				0EC8355B29B1AC6200116C0F /* GPXWaypoint.swift in Sources */,
				0EC8356929B1AC6200116C0F /* GPXTrackPoint.swift in Sources */,
				0EC8356129B1AC6200116C0F /* GPXTrackSegment.swift in Sources */,
				0EC8356829B1AC6200116C0F /* GPXCopyright.swift in Sources */,
				0EC8355329B1AC6200116C0F /* GPXAuthor.swift in Sources */,
				0EC8356529B1AC6200116C0F /* GPXBounds.swift in Sources */,
				0EC8357129B1AD6A00116C0F /* GPXType.swift in Sources */,
			);
			runOnlyForDeploymentPostprocessing = 0;
		};
		0EC834F029B1AB6800116C0F /* Sources */ = {
			isa = PBXSourcesBuildPhase;
			buildActionMask = 2147483647;
			files = (
				0EC834FA29B1AB6900116C0F /* GPX_SwiftTests.swift in Sources */,
			);
			runOnlyForDeploymentPostprocessing = 0;
		};
/* End PBXSourcesBuildPhase section */

/* Begin PBXTargetDependency section */
		0EC834F729B1AB6900116C0F /* PBXTargetDependency */ = {
			isa = PBXTargetDependency;
			target = 0EC834EA29B1AB6800116C0F /* GPX-Swift */;
			targetProxy = 0EC834F629B1AB6900116C0F /* PBXContainerItemProxy */;
		};
/* End PBXTargetDependency section */

/* Begin XCBuildConfiguration section */
		0EC834FD29B1AB6900116C0F /* Debug */ = {
			isa = XCBuildConfiguration;
			buildSettings = {
				CLANG_ANALYZER_NONNULL = YES;
				CLANG_ANALYZER_NUMBER_OBJECT_CONVERSION = YES_AGGRESSIVE;
				CLANG_CXX_LANGUAGE_STANDARD = "gnu++20";
				CLANG_ENABLE_MODULES = YES;
				CLANG_ENABLE_OBJC_WEAK = YES;
				CLANG_WARN_DIRECT_OBJC_ISA_USAGE = YES_ERROR;
				CLANG_WARN_DOCUMENTATION_COMMENTS = YES;
				CLANG_WARN_OBJC_ROOT_CLASS = YES_ERROR;
				CLANG_WARN_UNGUARDED_AVAILABILITY = YES_AGGRESSIVE;
				CODE_SIGN_STYLE = Automatic;
				CURRENT_PROJECT_VERSION = 1;
				DEBUG_INFORMATION_FORMAT = dwarf;
				DEFINES_MODULE = YES;
				DEVELOPMENT_TEAM = 3WP24T6KCN;
				DYLIB_COMPATIBILITY_VERSION = 1;
				DYLIB_CURRENT_VERSION = 1;
				DYLIB_INSTALL_NAME_BASE = "@rpath";
				GCC_C_LANGUAGE_STANDARD = gnu11;
				GCC_WARN_ABOUT_RETURN_TYPE = YES_ERROR;
				GCC_WARN_UNINITIALIZED_AUTOS = YES_AGGRESSIVE;
				GENERATE_INFOPLIST_FILE = YES;
				INFOPLIST_KEY_NSHumanReadableCopyright = "";
				INSTALL_PATH = "$(LOCAL_LIBRARY_DIR)/Frameworks";
				IPHONEOS_DEPLOYMENT_TARGET = 11.0;
				LD_RUNPATH_SEARCH_PATHS = "@executable_path/Frameworks @loader_path/Frameworks";
				"LD_RUNPATH_SEARCH_PATHS[sdk=macosx*]" = "@executable_path/../Frameworks @loader_path/Frameworks";
				MACOSX_DEPLOYMENT_TARGET = 10.13;
				MARKETING_VERSION = 1.0;
				MTL_ENABLE_DEBUG_INFO = INCLUDE_SOURCE;
				MTL_FAST_MATH = YES;
				PRODUCT_BUNDLE_IDENTIFIER = "com.isklikas.GPX-Swift";
				PRODUCT_NAME = "$(TARGET_NAME:c99extidentifier)";
				SDKROOT = auto;
				SKIP_INSTALL = YES;
				SUPPORTED_PLATFORMS = "iphoneos iphonesimulator macosx";
				SWIFT_ACTIVE_COMPILATION_CONDITIONS = DEBUG;
				SWIFT_EMIT_LOC_STRINGS = YES;
				SWIFT_OBJC_BRIDGING_HEADER = "";
				SWIFT_OBJC_INTERFACE_HEADER_NAME = "$(SWIFT_MODULE_NAME)-Swift.h";
				SWIFT_OPTIMIZATION_LEVEL = "-Onone";
				SWIFT_VERSION = 5.0;
				TARGETED_DEVICE_FAMILY = "1,2";
				VERSIONING_SYSTEM = "apple-generic";
				VERSION_INFO_PREFIX = "";
			};
			name = Debug;
		};
		0EC834FE29B1AB6900116C0F /* Release */ = {
			isa = XCBuildConfiguration;
			buildSettings = {
				CLANG_ANALYZER_NONNULL = YES;
				CLANG_ANALYZER_NUMBER_OBJECT_CONVERSION = YES_AGGRESSIVE;
				CLANG_CXX_LANGUAGE_STANDARD = "gnu++20";
				CLANG_ENABLE_MODULES = YES;
				CLANG_ENABLE_OBJC_WEAK = YES;
				CLANG_WARN_DIRECT_OBJC_ISA_USAGE = YES_ERROR;
				CLANG_WARN_DOCUMENTATION_COMMENTS = YES;
				CLANG_WARN_OBJC_ROOT_CLASS = YES_ERROR;
				CLANG_WARN_UNGUARDED_AVAILABILITY = YES_AGGRESSIVE;
				CODE_SIGN_STYLE = Automatic;
				COPY_PHASE_STRIP = NO;
				CURRENT_PROJECT_VERSION = 1;
				DEBUG_INFORMATION_FORMAT = "dwarf-with-dsym";
				DEFINES_MODULE = YES;
				DEVELOPMENT_TEAM = 3WP24T6KCN;
				DYLIB_COMPATIBILITY_VERSION = 1;
				DYLIB_CURRENT_VERSION = 1;
				DYLIB_INSTALL_NAME_BASE = "@rpath";
				ENABLE_NS_ASSERTIONS = NO;
				GCC_C_LANGUAGE_STANDARD = gnu11;
				GCC_WARN_ABOUT_RETURN_TYPE = YES_ERROR;
				GCC_WARN_UNINITIALIZED_AUTOS = YES_AGGRESSIVE;
				GENERATE_INFOPLIST_FILE = YES;
				INFOPLIST_KEY_NSHumanReadableCopyright = "";
				INSTALL_PATH = "$(LOCAL_LIBRARY_DIR)/Frameworks";
				IPHONEOS_DEPLOYMENT_TARGET = 11.0;
				LD_RUNPATH_SEARCH_PATHS = "@executable_path/Frameworks @loader_path/Frameworks";
				"LD_RUNPATH_SEARCH_PATHS[sdk=macosx*]" = "@executable_path/../Frameworks @loader_path/Frameworks";
				MACOSX_DEPLOYMENT_TARGET = 10.13;
				MARKETING_VERSION = 1.0;
				MTL_ENABLE_DEBUG_INFO = NO;
				MTL_FAST_MATH = YES;
				PRODUCT_BUNDLE_IDENTIFIER = "com.isklikas.GPX-Swift";
				PRODUCT_NAME = "$(TARGET_NAME:c99extidentifier)";
				SDKROOT = auto;
				SKIP_INSTALL = YES;
				SUPPORTED_PLATFORMS = "iphoneos iphonesimulator macosx";
				SWIFT_EMIT_LOC_STRINGS = YES;
				SWIFT_OBJC_BRIDGING_HEADER = "";
				SWIFT_OBJC_INTERFACE_HEADER_NAME = "$(SWIFT_MODULE_NAME)-Swift.h";
				SWIFT_OPTIMIZATION_LEVEL = "-O";
				SWIFT_VERSION = 5.0;
				TARGETED_DEVICE_FAMILY = "1,2";
				VERSIONING_SYSTEM = "apple-generic";
				VERSION_INFO_PREFIX = "";
			};
			name = Release;
		};
		0EC8350029B1AB6900116C0F /* Debug */ = {
			isa = XCBuildConfiguration;
			buildSettings = {
				ALWAYS_EMBED_SWIFT_STANDARD_LIBRARIES = YES;
				CLANG_ANALYZER_NONNULL = YES;
				CLANG_ANALYZER_NUMBER_OBJECT_CONVERSION = YES_AGGRESSIVE;
				CLANG_CXX_LANGUAGE_STANDARD = "gnu++20";
				CLANG_ENABLE_MODULES = YES;
				CLANG_ENABLE_OBJC_WEAK = YES;
				CLANG_WARN_DIRECT_OBJC_ISA_USAGE = YES_ERROR;
				CLANG_WARN_DOCUMENTATION_COMMENTS = YES;
				CLANG_WARN_OBJC_ROOT_CLASS = YES_ERROR;
				CLANG_WARN_UNGUARDED_AVAILABILITY = YES_AGGRESSIVE;
				CODE_SIGN_STYLE = Automatic;
				CURRENT_PROJECT_VERSION = 1;
				DEBUG_INFORMATION_FORMAT = dwarf;
				DEVELOPMENT_TEAM = 3WP24T6KCN;
				GCC_C_LANGUAGE_STANDARD = gnu11;
				GCC_WARN_ABOUT_RETURN_TYPE = YES_ERROR;
				GCC_WARN_UNINITIALIZED_AUTOS = YES_AGGRESSIVE;
				GENERATE_INFOPLIST_FILE = YES;
				IPHONEOS_DEPLOYMENT_TARGET = 16.2;
				LD_RUNPATH_SEARCH_PATHS = "$(inherited) @executable_path/Frameworks @loader_path/Frameworks";
				MACOSX_DEPLOYMENT_TARGET = 13.1;
				MARKETING_VERSION = 1.0;
				MTL_ENABLE_DEBUG_INFO = INCLUDE_SOURCE;
				MTL_FAST_MATH = YES;
				PRODUCT_BUNDLE_IDENTIFIER = "com.isklikas.GPX-SwiftTests";
				PRODUCT_NAME = "$(TARGET_NAME)";
				SDKROOT = auto;
				SUPPORTED_PLATFORMS = "iphoneos iphonesimulator macosx";
				SWIFT_ACTIVE_COMPILATION_CONDITIONS = DEBUG;
				SWIFT_EMIT_LOC_STRINGS = NO;
				SWIFT_OPTIMIZATION_LEVEL = "-Onone";
				SWIFT_VERSION = 5.0;
				TARGETED_DEVICE_FAMILY = "1,2";
			};
			name = Debug;
		};
		0EC8350129B1AB6900116C0F /* Release */ = {
			isa = XCBuildConfiguration;
			buildSettings = {
				ALWAYS_EMBED_SWIFT_STANDARD_LIBRARIES = YES;
				CLANG_ANALYZER_NONNULL = YES;
				CLANG_ANALYZER_NUMBER_OBJECT_CONVERSION = YES_AGGRESSIVE;
				CLANG_CXX_LANGUAGE_STANDARD = "gnu++20";
				CLANG_ENABLE_MODULES = YES;
				CLANG_ENABLE_OBJC_WEAK = YES;
				CLANG_WARN_DIRECT_OBJC_ISA_USAGE = YES_ERROR;
				CLANG_WARN_DOCUMENTATION_COMMENTS = YES;
				CLANG_WARN_OBJC_ROOT_CLASS = YES_ERROR;
				CLANG_WARN_UNGUARDED_AVAILABILITY = YES_AGGRESSIVE;
				CODE_SIGN_STYLE = Automatic;
				COPY_PHASE_STRIP = NO;
				CURRENT_PROJECT_VERSION = 1;
				DEBUG_INFORMATION_FORMAT = "dwarf-with-dsym";
				DEVELOPMENT_TEAM = 3WP24T6KCN;
				ENABLE_NS_ASSERTIONS = NO;
				GCC_C_LANGUAGE_STANDARD = gnu11;
				GCC_WARN_ABOUT_RETURN_TYPE = YES_ERROR;
				GCC_WARN_UNINITIALIZED_AUTOS = YES_AGGRESSIVE;
				GENERATE_INFOPLIST_FILE = YES;
				IPHONEOS_DEPLOYMENT_TARGET = 16.2;
				LD_RUNPATH_SEARCH_PATHS = "$(inherited) @executable_path/Frameworks @loader_path/Frameworks";
				MACOSX_DEPLOYMENT_TARGET = 13.1;
				MARKETING_VERSION = 1.0;
				MTL_ENABLE_DEBUG_INFO = NO;
				MTL_FAST_MATH = YES;
				PRODUCT_BUNDLE_IDENTIFIER = "com.isklikas.GPX-SwiftTests";
				PRODUCT_NAME = "$(TARGET_NAME)";
				SDKROOT = auto;
				SUPPORTED_PLATFORMS = "iphoneos iphonesimulator macosx";
				SWIFT_EMIT_LOC_STRINGS = NO;
				SWIFT_OPTIMIZATION_LEVEL = "-O";
				SWIFT_VERSION = 5.0;
				TARGETED_DEVICE_FAMILY = "1,2";
			};
			name = Release;
		};
		13D46ED6152ECF2400C9A168 /* Debug */ = {
			isa = XCBuildConfiguration;
			buildSettings = {
				ALWAYS_SEARCH_USER_PATHS = NO;
				CLANG_ENABLE_MODULES = YES;
				CLANG_ENABLE_OBJC_ARC = YES;
				CLANG_WARN_BLOCK_CAPTURE_AUTORELEASING = YES;
				CLANG_WARN_BOOL_CONVERSION = YES;
				CLANG_WARN_COMMA = YES;
				CLANG_WARN_CONSTANT_CONVERSION = YES;
				CLANG_WARN_DEPRECATED_OBJC_IMPLEMENTATIONS = YES;
				CLANG_WARN_EMPTY_BODY = YES;
				CLANG_WARN_ENUM_CONVERSION = YES;
				CLANG_WARN_INFINITE_RECURSION = YES;
				CLANG_WARN_INT_CONVERSION = YES;
				CLANG_WARN_NON_LITERAL_NULL_CONVERSION = YES;
				CLANG_WARN_OBJC_IMPLICIT_RETAIN_SELF = YES;
				CLANG_WARN_OBJC_LITERAL_CONVERSION = YES;
				CLANG_WARN_QUOTED_INCLUDE_IN_FRAMEWORK_HEADER = YES;
				CLANG_WARN_RANGE_LOOP_ANALYSIS = YES;
				CLANG_WARN_STRICT_PROTOTYPES = YES;
				CLANG_WARN_SUSPICIOUS_MOVE = YES;
				CLANG_WARN_UNREACHABLE_CODE = YES;
				CLANG_WARN__DUPLICATE_METHOD_MATCH = YES;
				COPY_PHASE_STRIP = NO;
				ENABLE_STRICT_OBJC_MSGSEND = YES;
				ENABLE_TESTABILITY = YES;
				GCC_C_LANGUAGE_STANDARD = gnu99;
				GCC_DYNAMIC_NO_PIC = NO;
				GCC_NO_COMMON_BLOCKS = YES;
				GCC_OPTIMIZATION_LEVEL = 0;
				GCC_PREPROCESSOR_DEFINITIONS = (
					"DEBUG=1",
					"$(inherited)",
				);
				GCC_SYMBOLS_PRIVATE_EXTERN = NO;
				GCC_VERSION = com.apple.compilers.llvm.clang.1_0;
				GCC_WARN_64_TO_32_BIT_CONVERSION = YES;
				GCC_WARN_ABOUT_RETURN_TYPE = YES;
				GCC_WARN_UNDECLARED_SELECTOR = YES;
				GCC_WARN_UNINITIALIZED_AUTOS = YES;
				GCC_WARN_UNUSED_FUNCTION = YES;
				GCC_WARN_UNUSED_VARIABLE = YES;
				IPHONEOS_DEPLOYMENT_TARGET = 11.0;
				ONLY_ACTIVE_ARCH = YES;
				SDKROOT = iphoneos;
			};
			name = Debug;
		};
		13D46ED7152ECF2400C9A168 /* Release */ = {
			isa = XCBuildConfiguration;
			buildSettings = {
				ALWAYS_SEARCH_USER_PATHS = NO;
				CLANG_ENABLE_MODULES = YES;
				CLANG_ENABLE_OBJC_ARC = YES;
				CLANG_WARN_BLOCK_CAPTURE_AUTORELEASING = YES;
				CLANG_WARN_BOOL_CONVERSION = YES;
				CLANG_WARN_COMMA = YES;
				CLANG_WARN_CONSTANT_CONVERSION = YES;
				CLANG_WARN_DEPRECATED_OBJC_IMPLEMENTATIONS = YES;
				CLANG_WARN_EMPTY_BODY = YES;
				CLANG_WARN_ENUM_CONVERSION = YES;
				CLANG_WARN_INFINITE_RECURSION = YES;
				CLANG_WARN_INT_CONVERSION = YES;
				CLANG_WARN_NON_LITERAL_NULL_CONVERSION = YES;
				CLANG_WARN_OBJC_IMPLICIT_RETAIN_SELF = YES;
				CLANG_WARN_OBJC_LITERAL_CONVERSION = YES;
				CLANG_WARN_QUOTED_INCLUDE_IN_FRAMEWORK_HEADER = YES;
				CLANG_WARN_RANGE_LOOP_ANALYSIS = YES;
				CLANG_WARN_STRICT_PROTOTYPES = YES;
				CLANG_WARN_SUSPICIOUS_MOVE = YES;
				CLANG_WARN_UNREACHABLE_CODE = YES;
				CLANG_WARN__DUPLICATE_METHOD_MATCH = YES;
				COPY_PHASE_STRIP = YES;
				ENABLE_STRICT_OBJC_MSGSEND = YES;
				GCC_C_LANGUAGE_STANDARD = gnu99;
				GCC_NO_COMMON_BLOCKS = YES;
				GCC_VERSION = com.apple.compilers.llvm.clang.1_0;
				GCC_WARN_64_TO_32_BIT_CONVERSION = YES;
				GCC_WARN_ABOUT_RETURN_TYPE = YES;
				GCC_WARN_UNDECLARED_SELECTOR = YES;
				GCC_WARN_UNINITIALIZED_AUTOS = YES;
				GCC_WARN_UNUSED_FUNCTION = YES;
				GCC_WARN_UNUSED_VARIABLE = YES;
				IPHONEOS_DEPLOYMENT_TARGET = 11.0;
				SDKROOT = iphoneos;
				SWIFT_COMPILATION_MODE = wholemodule;
				VALIDATE_PRODUCT = YES;
			};
			name = Release;
		};
/* End XCBuildConfiguration section */

/* Begin XCConfigurationList section */
		0EC834FC29B1AB6900116C0F /* Build configuration list for PBXNativeTarget "GPX-Swift" */ = {
			isa = XCConfigurationList;
			buildConfigurations = (
				0EC834FD29B1AB6900116C0F /* Debug */,
				0EC834FE29B1AB6900116C0F /* Release */,
			);
			defaultConfigurationIsVisible = 0;
			defaultConfigurationName = Release;
		};
		0EC834FF29B1AB6900116C0F /* Build configuration list for PBXNativeTarget "GPX-SwiftTests" */ = {
			isa = XCConfigurationList;
			buildConfigurations = (
				0EC8350029B1AB6900116C0F /* Debug */,
				0EC8350129B1AB6900116C0F /* Release */,
			);
			defaultConfigurationIsVisible = 0;
			defaultConfigurationName = Release;
		};
		13D46EA6152ECF2400C9A168 /* Build configuration list for PBXProject "GPX" */ = {
			isa = XCConfigurationList;
			buildConfigurations = (
				13D46ED6152ECF2400C9A168 /* Debug */,
				13D46ED7152ECF2400C9A168 /* Release */,
			);
			defaultConfigurationIsVisible = 0;
			defaultConfigurationName = Release;
		};
/* End XCConfigurationList section */
	};
	rootObject = 13D46EA3152ECF2400C9A168 /* Project object */;
}
